
Microsoft Visual Studio Solution File, Format Version 12.00
# Visual Studio Version 17
VisualStudioVersion = 17.5.33516.290
MinimumVisualStudioVersion = 10.0.40219.1
Project("{9A19103F-16F7-4668-BE54-9A1E7A4F7556}") = "Expressions", "Expressions.csproj", "{AF4C4925-C237-496F-A2D0-C40675F1DC7F}"
EndProject
Global
	GlobalSection(SolutionConfigurationPlatforms) = preSolution
		Debug|Any CPU = Debug|Any CPU
		Release|Any CPU = Release|Any CPU
	EndGlobalSection
	GlobalSection(ProjectConfigurationPlatforms) = postSolution
		{AF4C4925-C237-496F-A2D0-C40675F1DC7F}.Debug|Any CPU.ActiveCfg = Debug|Any CPU
		{AF4C4925-C237-496F-A2D0-C40675F1DC7F}.Debug|Any CPU.Build.0 = Debug|Any CPU
		{AF4C4925-C237-496F-A2D0-C40675F1DC7F}.Release|Any CPU.ActiveCfg = Release|Any CPU
		{AF4C4925-C237-496F-A2D0-C40675F1DC7F}.Release|Any CPU.Build.0 = Release|Any CPU
	EndGlobalSection
	GlobalSection(SolutionProperties) = preSolution
		HideSolutionNode = FALSE
	EndGlobalSection
	GlobalSection(ExtensibilityGlobals) = postSolution
		SolutionGuid = {8D85CC7C-2C6C-4EA9-B8A6-D2A2BF41AAC2}
	EndGlobalSection
EndGlobal
